
Microsoft Visual Studio Solution File, Format Version 12.00
# Visual Studio Version 17
VisualStudioVersion = 17.8.34309.116
MinimumVisualStudioVersion = 10.0.40219.1
Project("{FAE04EC0-301F-11D3-BF4B-00C04F79EFBC}") = "GestionNominasV1", "GestionNominasV1\GestionNominasV1.csproj", "{43ECF647-2AF7-480E-8249-0AC690B06A8D}"
EndProject
Global
	GlobalSection(SolutionConfigurationPlatforms) = preSolution
		Debug|Any CPU = Debug|Any CPU
		Release|Any CPU = Release|Any CPU
	EndGlobalSection
	GlobalSection(ProjectConfigurationPlatforms) = postSolution
		{43ECF647-2AF7-480E-8249-0AC690B06A8D}.Debug|Any CPU.ActiveCfg = Debug|Any CPU
		{43ECF647-2AF7-480E-8249-0AC690B06A8D}.Debug|Any CPU.Build.0 = Debug|Any CPU
		{43ECF647-2AF7-480E-8249-0AC690B06A8D}.Release|Any CPU.ActiveCfg = Release|Any CPU
		{43ECF647-2AF7-480E-8249-0AC690B06A8D}.Release|Any CPU.Build.0 = Release|Any CPU
	EndGlobalSection
	GlobalSection(SolutionProperties) = preSolution
		HideSolutionNode = FALSE
	EndGlobalSection
	GlobalSection(ExtensibilityGlobals) = postSolution
		SolutionGuid = {354E6E1C-7387-4E9A-89FD-6112E8C0F653}
	EndGlobalSection
EndGlobal
